// !$*UTF8*$!
{
	archiveVersion = 1;
	classes = {
	};
	objectVersion = 55;
	objects = {

/* Begin PBXBuildFile section */
		203A4B3C289E846F0045DCB7 /* MissionView.swift in Sources */ = {isa = PBXBuildFile; fileRef = 203A4B3B289E846F0045DCB7 /* MissionView.swift */; };
		203A4B3E289E8DBB0045DCB7 /* AstrounautView.swift in Sources */ = {isa = PBXBuildFile; fileRef = 203A4B3D289E8DBB0045DCB7 /* AstrounautView.swift */; };
		203A4B40289E926C0045DCB7 /* CrewView.swift in Sources */ = {isa = PBXBuildFile; fileRef = 203A4B3F289E926C0045DCB7 /* CrewView.swift */; };
		20526E5428987EA3006E182C /* MoonshotApp.swift in Sources */ = {isa = PBXBuildFile; fileRef = 20526E5328987EA3006E182C /* MoonshotApp.swift */; };
		20526E5628987EA3006E182C /* ContentView.swift in Sources */ = {isa = PBXBuildFile; fileRef = 20526E5528987EA3006E182C /* ContentView.swift */; };
		20526E5828987EA6006E182C /* Assets.xcassets in Resources */ = {isa = PBXBuildFile; fileRef = 20526E5728987EA6006E182C /* Assets.xcassets */; };
		20526E5B28987EA6006E182C /* Preview Assets.xcassets in Resources */ = {isa = PBXBuildFile; fileRef = 20526E5A28987EA6006E182C /* Preview Assets.xcassets */; };
		20A5D2B4289B26CE00041C49 /* astronauts.json in Resources */ = {isa = PBXBuildFile; fileRef = 20A5D2B2289B26CE00041C49 /* astronauts.json */; };
		20A5D2B5289B26CE00041C49 /* missions.json in Resources */ = {isa = PBXBuildFile; fileRef = 20A5D2B3289B26CE00041C49 /* missions.json */; };
		20A5D2B7289B27DA00041C49 /* Astrounaut.swift in Sources */ = {isa = PBXBuildFile; fileRef = 20A5D2B6289B27DA00041C49 /* Astrounaut.swift */; };
		20A5D2B9289B283400041C49 /* Bundle-Decodable.swift in Sources */ = {isa = PBXBuildFile; fileRef = 20A5D2B8289B283400041C49 /* Bundle-Decodable.swift */; };
		20A5D2BB289B2B8B00041C49 /* Mission.swift in Sources */ = {isa = PBXBuildFile; fileRef = 20A5D2BA289B2B8B00041C49 /* Mission.swift */; };
		20C8A131289B35FF0055FCBF /* Color-Theme.swift in Sources */ = {isa = PBXBuildFile; fileRef = 20C8A130289B35FF0055FCBF /* Color-Theme.swift */; };
/* End PBXBuildFile section */

/* Begin PBXFileReference section */
		203A4B3B289E846F0045DCB7 /* MissionView.swift */ = {isa = PBXFileReference; lastKnownFileType = sourcecode.swift; path = MissionView.swift; sourceTree = "<group>"; };
		203A4B3D289E8DBB0045DCB7 /* AstrounautView.swift */ = {isa = PBXFileReference; lastKnownFileType = sourcecode.swift; path = AstrounautView.swift; sourceTree = "<group>"; };
		203A4B3F289E926C0045DCB7 /* CrewView.swift */ = {isa = PBXFileReference; lastKnownFileType = sourcecode.swift; path = CrewView.swift; sourceTree = "<group>"; };
		20526E5028987EA3006E182C /* Moonshot.app */ = {isa = PBXFileReference; explicitFileType = wrapper.application; includeInIndex = 0; path = Moonshot.app; sourceTree = BUILT_PRODUCTS_DIR; };
		20526E5328987EA3006E182C /* MoonshotApp.swift */ = {isa = PBXFileReference; lastKnownFileType = sourcecode.swift; path = MoonshotApp.swift; sourceTree = "<group>"; };
		20526E5528987EA3006E182C /* ContentView.swift */ = {isa = PBXFileReference; lastKnownFileType = sourcecode.swift; path = ContentView.swift; sourceTree = "<group>"; };
		20526E5728987EA6006E182C /* Assets.xcassets */ = {isa = PBXFileReference; lastKnownFileType = folder.assetcatalog; path = Assets.xcassets; sourceTree = "<group>"; };
		20526E5A28987EA6006E182C /* Preview Assets.xcassets */ = {isa = PBXFileReference; lastKnownFileType = folder.assetcatalog; path = "Preview Assets.xcassets"; sourceTree = "<group>"; };
		20A5D2B2289B26CE00041C49 /* astronauts.json */ = {isa = PBXFileReference; fileEncoding = 4; lastKnownFileType = text.json; path = astronauts.json; sourceTree = "<group>"; };
		20A5D2B3289B26CE00041C49 /* missions.json */ = {isa = PBXFileReference; fileEncoding = 4; lastKnownFileType = text.json; path = missions.json; sourceTree = "<group>"; };
		20A5D2B6289B27DA00041C49 /* Astrounaut.swift */ = {isa = PBXFileReference; lastKnownFileType = sourcecode.swift; path = Astrounaut.swift; sourceTree = "<group>"; };
		20A5D2B8289B283400041C49 /* Bundle-Decodable.swift */ = {isa = PBXFileReference; lastKnownFileType = sourcecode.swift; path = "Bundle-Decodable.swift"; sourceTree = "<group>"; };
		20A5D2BA289B2B8B00041C49 /* Mission.swift */ = {isa = PBXFileReference; lastKnownFileType = sourcecode.swift; path = Mission.swift; sourceTree = "<group>"; };
		20C8A130289B35FF0055FCBF /* Color-Theme.swift */ = {isa = PBXFileReference; lastKnownFileType = sourcecode.swift; path = "Color-Theme.swift"; sourceTree = "<group>"; };
/* End PBXFileReference section */

/* Begin PBXFrameworksBuildPhase section */
		20526E4D28987EA3006E182C /* Frameworks */ = {
			isa = PBXFrameworksBuildPhase;
			buildActionMask = 2147483647;
			files = (
			);
			runOnlyForDeploymentPostprocessing = 0;
		};
/* End PBXFrameworksBuildPhase section */

/* Begin PBXGroup section */
		20526E4728987EA3006E182C = {
			isa = PBXGroup;
			children = (
				20526E5228987EA3006E182C /* Moonshot */,
				20526E5128987EA3006E182C /* Products */,
			);
			sourceTree = "<group>";
		};
		20526E5128987EA3006E182C /* Products */ = {
			isa = PBXGroup;
			children = (
				20526E5028987EA3006E182C /* Moonshot.app */,
			);
			name = Products;
			sourceTree = "<group>";
		};
		20526E5228987EA3006E182C /* Moonshot */ = {
			isa = PBXGroup;
			children = (
				20526E5328987EA3006E182C /* MoonshotApp.swift */,
				20526E5528987EA3006E182C /* ContentView.swift */,
				203A4B3B289E846F0045DCB7 /* MissionView.swift */,
				203A4B3F289E926C0045DCB7 /* CrewView.swift */,
				203A4B3D289E8DBB0045DCB7 /* AstrounautView.swift */,
				20A5D2B6289B27DA00041C49 /* Astrounaut.swift */,
				20A5D2BA289B2B8B00041C49 /* Mission.swift */,
				20A5D2B8289B283400041C49 /* Bundle-Decodable.swift */,
				20C8A130289B35FF0055FCBF /* Color-Theme.swift */,
				20A5D2B2289B26CE00041C49 /* astronauts.json */,
				20A5D2B3289B26CE00041C49 /* missions.json */,
				20526E5728987EA6006E182C /* Assets.xcassets */,
				20526E5928987EA6006E182C /* Preview Content */,
			);
			path = Moonshot;
			sourceTree = "<group>";
		};
		20526E5928987EA6006E182C /* Preview Content */ = {
			isa = PBXGroup;
			children = (
				20526E5A28987EA6006E182C /* Preview Assets.xcassets */,
			);
			path = "Preview Content";
			sourceTree = "<group>";
		};
/* End PBXGroup section */

/* Begin PBXNativeTarget section */
		20526E4F28987EA3006E182C /* Moonshot */ = {
			isa = PBXNativeTarget;
			buildConfigurationList = 20526E5E28987EA6006E182C /* Build configuration list for PBXNativeTarget "Moonshot" */;
			buildPhases = (
				20526E4C28987EA3006E182C /* Sources */,
				20526E4D28987EA3006E182C /* Frameworks */,
				20526E4E28987EA3006E182C /* Resources */,
			);
			buildRules = (
			);
			dependencies = (
			);
			name = Moonshot;
			productName = Moonshot;
			productReference = 20526E5028987EA3006E182C /* Moonshot.app */;
			productType = "com.apple.product-type.application";
		};
/* End PBXNativeTarget section */

/* Begin PBXProject section */
		20526E4828987EA3006E182C /* Project object */ = {
			isa = PBXProject;
			attributes = {
				BuildIndependentTargetsInParallel = 1;
				LastSwiftUpdateCheck = 1340;
				LastUpgradeCheck = 1340;
				TargetAttributes = {
					20526E4F28987EA3006E182C = {
						CreatedOnToolsVersion = 13.4.1;
					};
				};
			};
			buildConfigurationList = 20526E4B28987EA3006E182C /* Build configuration list for PBXProject "Moonshot" */;
			compatibilityVersion = "Xcode 13.0";
			developmentRegion = en;
			hasScannedForEncodings = 0;
			knownRegions = (
				en,
				Base,
			);
			mainGroup = 20526E4728987EA3006E182C;
			productRefGroup = 20526E5128987EA3006E182C /* Products */;
			projectDirPath = "";
			projectRoot = "";
			targets = (
				20526E4F28987EA3006E182C /* Moonshot */,
			);
		};
/* End PBXProject section */

/* Begin PBXResourcesBuildPhase section */
		20526E4E28987EA3006E182C /* Resources */ = {
			isa = PBXResourcesBuildPhase;
			buildActionMask = 2147483647;
			files = (
				20A5D2B4289B26CE00041C49 /* astronauts.json in Resources */,
				20526E5B28987EA6006E182C /* Preview Assets.xcassets in Resources */,
				20A5D2B5289B26CE00041C49 /* missions.json in Resources */,
				20526E5828987EA6006E182C /* Assets.xcassets in Resources */,
			);
			runOnlyForDeploymentPostprocessing = 0;
		};
/* End PBXResourcesBuildPhase section */

/* Begin PBXSourcesBuildPhase section */
		20526E4C28987EA3006E182C /* Sources */ = {
			isa = PBXSourcesBuildPhase;
			buildActionMask = 2147483647;
			files = (
				203A4B3E289E8DBB0045DCB7 /* AstrounautView.swift in Sources */,
				203A4B40289E926C0045DCB7 /* CrewView.swift in Sources */,
				20526E5628987EA3006E182C /* ContentView.swift in Sources */,
				20C8A131289B35FF0055FCBF /* Color-Theme.swift in Sources */,
				20526E5428987EA3006E182C /* MoonshotApp.swift in Sources */,
				20A5D2B7289B27DA00041C49 /* Astrounaut.swift in Sources */,
				20A5D2BB289B2B8B00041C49 /* Mission.swift in Sources */,
				203A4B3C289E846F0045DCB7 /* MissionView.swift in Sources */,
				20A5D2B9289B283400041C49 /* Bundle-Decodable.swift in Sources */,
			);
			runOnlyForDeploymentPostprocessing = 0;
		};
/* End PBXSourcesBuildPhase section */

/* Begin XCBuildConfiguration section */
		20526E5C28987EA6006E182C /* Debug */ = {
			isa = XCBuildConfiguration;
			buildSettings = {
				ALWAYS_SEARCH_USER_PATHS = NO;
				CLANG_ANALYZER_NONNULL = YES;
				CLANG_ANALYZER_NUMBER_OBJECT_CONVERSION = YES_AGGRESSIVE;
				CLANG_CXX_LANGUAGE_STANDARD = "gnu++17";
				CLANG_ENABLE_MODULES = YES;
				CLANG_ENABLE_OBJC_ARC = YES;
				CLANG_ENABLE_OBJC_WEAK = YES;
				CLANG_WARN_BLOCK_CAPTURE_AUTORELEASING = YES;
				CLANG_WARN_BOOL_CONVERSION = YES;
				CLANG_WARN_COMMA = YES;
				CLANG_WARN_CONSTANT_CONVERSION = YES;
				CLANG_WARN_DEPRECATED_OBJC_IMPLEMENTATIONS = YES;
				CLANG_WARN_DIRECT_OBJC_ISA_USAGE = YES_ERROR;
				CLANG_WARN_DOCUMENTATION_COMMENTS = YES;
				CLANG_WARN_EMPTY_BODY = YES;
				CLANG_WARN_ENUM_CONVERSION = YES;
				CLANG_WARN_INFINITE_RECURSION = YES;
				CLANG_WARN_INT_CONVERSION = YES;
				CLANG_WARN_NON_LITERAL_NULL_CONVERSION = YES;
				CLANG_WARN_OBJC_IMPLICIT_RETAIN_SELF = YES;
				CLANG_WARN_OBJC_LITERAL_CONVERSION = YES;
				CLANG_WARN_OBJC_ROOT_CLASS = YES_ERROR;
				CLANG_WARN_QUOTED_INCLUDE_IN_FRAMEWORK_HEADER = YES;
				CLANG_WARN_RANGE_LOOP_ANALYSIS = YES;
				CLANG_WARN_STRICT_PROTOTYPES = YES;
				CLANG_WARN_SUSPICIOUS_MOVE = YES;
				CLANG_WARN_UNGUARDED_AVAILABILITY = YES_AGGRESSIVE;
				CLANG_WARN_UNREACHABLE_CODE = YES;
				CLANG_WARN__DUPLICATE_METHOD_MATCH = YES;
				COPY_PHASE_STRIP = NO;
				DEBUG_INFORMATION_FORMAT = dwarf;
				ENABLE_STRICT_OBJC_MSGSEND = YES;
				ENABLE_TESTABILITY = YES;
				GCC_C_LANGUAGE_STANDARD = gnu11;
				GCC_DYNAMIC_NO_PIC = NO;
				GCC_NO_COMMON_BLOCKS = YES;
				GCC_OPTIMIZATION_LEVEL = 0;
				GCC_PREPROCESSOR_DEFINITIONS = (
					"DEBUG=1",
					"$(inherited)",
				);
				GCC_WARN_64_TO_32_BIT_CONVERSION = YES;
				GCC_WARN_ABOUT_RETURN_TYPE = YES_ERROR;
				GCC_WARN_UNDECLARED_SELECTOR = YES;
				GCC_WARN_UNINITIALIZED_AUTOS = YES_AGGRESSIVE;
				GCC_WARN_UNUSED_FUNCTION = YES;
				GCC_WARN_UNUSED_VARIABLE = YES;
				IPHONEOS_DEPLOYMENT_TARGET = 15.5;
				MTL_ENABLE_DEBUG_INFO = INCLUDE_SOURCE;
				MTL_FAST_MATH = YES;
				ONLY_ACTIVE_ARCH = YES;
				SDKROOT = iphoneos;
				SWIFT_ACTIVE_COMPILATION_CONDITIONS = DEBUG;
				SWIFT_OPTIMIZATION_LEVEL = "-Onone";
			};
			name = Debug;
		};
		20526E5D28987EA6006E182C /* Release */ = {
			isa = XCBuildConfiguration;
			buildSettings = {
				ALWAYS_SEARCH_USER_PATHS = NO;
				CLANG_ANALYZER_NONNULL = YES;
				CLANG_ANALYZER_NUMBER_OBJECT_CONVERSION = YES_AGGRESSIVE;
				CLANG_CXX_LANGUAGE_STANDARD = "gnu++17";
				CLANG_ENABLE_MODULES = YES;
				CLANG_ENABLE_OBJC_ARC = YES;
				CLANG_ENABLE_OBJC_WEAK = YES;
				CLANG_WARN_BLOCK_CAPTURE_AUTORELEASING = YES;
				CLANG_WARN_BOOL_CONVERSION = YES;
				CLANG_WARN_COMMA = YES;
				CLANG_WARN_CONSTANT_CONVERSION = YES;
				CLANG_WARN_DEPRECATED_OBJC_IMPLEMENTATIONS = YES;
				CLANG_WARN_DIRECT_OBJC_ISA_USAGE = YES_ERROR;
				CLANG_WARN_DOCUMENTATION_COMMENTS = YES;
				CLANG_WARN_EMPTY_BODY = YES;
				CLANG_WARN_ENUM_CONVERSION = YES;
				CLANG_WARN_INFINITE_RECURSION = YES;
				CLANG_WARN_INT_CONVERSION = YES;
				CLANG_WARN_NON_LITERAL_NULL_CONVERSION = YES;
				CLANG_WARN_OBJC_IMPLICIT_RETAIN_SELF = YES;
				CLANG_WARN_OBJC_LITERAL_CONVERSION = YES;
				CLANG_WARN_OBJC_ROOT_CLASS = YES_ERROR;
				CLANG_WARN_QUOTED_INCLUDE_IN_FRAMEWORK_HEADER = YES;
				CLANG_WARN_RANGE_LOOP_ANALYSIS = YES;
				CLANG_WARN_STRICT_PROTOTYPES = YES;
				CLANG_WARN_SUSPICIOUS_MOVE = YES;
				CLANG_WARN_UNGUARDED_AVAILABILITY = YES_AGGRESSIVE;
				CLANG_WARN_UNREACHABLE_CODE = YES;
				CLANG_WARN__DUPLICATE_METHOD_MATCH = YES;
				COPY_PHASE_STRIP = NO;
				DEBUG_INFORMATION_FORMAT = "dwarf-with-dsym";
				ENABLE_NS_ASSERTIONS = NO;
				ENABLE_STRICT_OBJC_MSGSEND = YES;
				GCC_C_LANGUAGE_STANDARD = gnu11;
				GCC_NO_COMMON_BLOCKS = YES;
				GCC_WARN_64_TO_32_BIT_CONVERSION = YES;
				GCC_WARN_ABOUT_RETURN_TYPE = YES_ERROR;
				GCC_WARN_UNDECLARED_SELECTOR = YES;
				GCC_WARN_UNINITIALIZED_AUTOS = YES_AGGRESSIVE;
				GCC_WARN_UNUSED_FUNCTION = YES;
				GCC_WARN_UNUSED_VARIABLE = YES;
				IPHONEOS_DEPLOYMENT_TARGET = 15.5;
				MTL_ENABLE_DEBUG_INFO = NO;
				MTL_FAST_MATH = YES;
				SDKROOT = iphoneos;
				SWIFT_COMPILATION_MODE = wholemodule;
				SWIFT_OPTIMIZATION_LEVEL = "-O";
				VALIDATE_PRODUCT = YES;
			};
			name = Release;
		};
		20526E5F28987EA6006E182C /* Debug */ = {
			isa = XCBuildConfiguration;
			buildSettings = {
				ASSETCATALOG_COMPILER_APPICON_NAME = AppIcon;
				ASSETCATALOG_COMPILER_GLOBAL_ACCENT_COLOR_NAME = AccentColor;
				CODE_SIGN_STYLE = Automatic;
				CURRENT_PROJECT_VERSION = 1;
				DEVELOPMENT_ASSET_PATHS = "\"Moonshot/Preview Content\"";
				ENABLE_PREVIEWS = YES;
				GENERATE_INFOPLIST_FILE = YES;
				INFOPLIST_KEY_UIApplicationSceneManifest_Generation = YES;
				INFOPLIST_KEY_UIApplicationSupportsIndirectInputEvents = YES;
				INFOPLIST_KEY_UILaunchScreen_Generation = YES;
				INFOPLIST_KEY_UISupportedInterfaceOrientations_iPad = "UIInterfaceOrientationPortrait UIInterfaceOrientationPortraitUpsideDown UIInterfaceOrientationLandscapeLeft UIInterfaceOrientationLandscapeRight";
				INFOPLIST_KEY_UISupportedInterfaceOrientations_iPhone = "UIInterfaceOrientationPortrait UIInterfaceOrientationLandscapeLeft UIInterfaceOrientationLandscapeRight";
				LD_RUNPATH_SEARCH_PATHS = (
					"$(inherited)",
					"@executable_path/Frameworks",
				);
				MARKETING_VERSION = 1.0;
				PRODUCT_BUNDLE_IDENTIFIER = me.alvarenga.fabricio.Moonshot;
				PRODUCT_NAME = "$(TARGET_NAME)";
				SWIFT_EMIT_LOC_STRINGS = YES;
				SWIFT_VERSION = 5.0;
				TARGETED_DEVICE_FAMILY = "1,2";
			};
			name = Debug;
		};
		20526E6028987EA6006E182C /* Release */ = {
			isa = XCBuildConfiguration;
			buildSettings = {
				ASSETCATALOG_COMPILER_APPICON_NAME = AppIcon;
				ASSETCATALOG_COMPILER_GLOBAL_ACCENT_COLOR_NAME = AccentColor;
				CODE_SIGN_STYLE = Automatic;
				CURRENT_PROJECT_VERSION = 1;
				DEVELOPMENT_ASSET_PATHS = "\"Moonshot/Preview Content\"";
				ENABLE_PREVIEWS = YES;
				GENERATE_INFOPLIST_FILE = YES;
				INFOPLIST_KEY_UIApplicationSceneManifest_Generation = YES;
				INFOPLIST_KEY_UIApplicationSupportsIndirectInputEvents = YES;
				INFOPLIST_KEY_UILaunchScreen_Generation = YES;
				INFOPLIST_KEY_UISupportedInterfaceOrientations_iPad = "UIInterfaceOrientationPortrait UIInterfaceOrientationPortraitUpsideDown UIInterfaceOrientationLandscapeLeft UIInterfaceOrientationLandscapeRight";
				INFOPLIST_KEY_UISupportedInterfaceOrientations_iPhone = "UIInterfaceOrientationPortrait UIInterfaceOrientationLandscapeLeft UIInterfaceOrientationLandscapeRight";
				LD_RUNPATH_SEARCH_PATHS = (
					"$(inherited)",
					"@executable_path/Frameworks",
				);
				MARKETING_VERSION = 1.0;
				PRODUCT_BUNDLE_IDENTIFIER = me.alvarenga.fabricio.Moonshot;
				PRODUCT_NAME = "$(TARGET_NAME)";
				SWIFT_EMIT_LOC_STRINGS = YES;
				SWIFT_VERSION = 5.0;
				TARGETED_DEVICE_FAMILY = "1,2";
			};
			name = Release;
		};
/* End XCBuildConfiguration section */

/* Begin XCConfigurationList section */
		20526E4B28987EA3006E182C /* Build configuration list for PBXProject "Moonshot" */ = {
			isa = XCConfigurationList;
			buildConfigurations = (
				20526E5C28987EA6006E182C /* Debug */,
				20526E5D28987EA6006E182C /* Release */,
			);
			defaultConfigurationIsVisible = 0;
			defaultConfigurationName = Release;
		};
		20526E5E28987EA6006E182C /* Build configuration list for PBXNativeTarget "Moonshot" */ = {
			isa = XCConfigurationList;
			buildConfigurations = (
				20526E5F28987EA6006E182C /* Debug */,
				20526E6028987EA6006E182C /* Release */,
			);
			defaultConfigurationIsVisible = 0;
			defaultConfigurationName = Release;
		};
/* End XCConfigurationList section */
	};
	rootObject = 20526E4828987EA3006E182C /* Project object */;
}
